
Microsoft Visual Studio Solution File, Format Version 12.00
Project("{2150E333-8FDC-42A3-9474-1A3956D46DE8}") = "src", "src", "{17BB6576-AECE-4617-A5DA-71746C95CA0A}"
EndProject
Project("{FAE04EC0-301F-11D3-BF4B-00C04F79EFBC}") = "Fermion.Domain.Exceptions", "src\Fermion.Domain.Exceptions\Fermion.Domain.Exceptions.csproj", "{3297DE9F-7A3B-4209-9319-56542BAAC2D0}"
EndProject
Global
	GlobalSection(SolutionConfigurationPlatforms) = preSolution
		Debug|Any CPU = Debug|Any CPU
		Release|Any CPU = Release|Any CPU
	EndGlobalSection
	GlobalSection(NestedProjects) = preSolution
		{3297DE9F-7A3B-4209-9319-56542BAAC2D0} = {17BB6576-AECE-4617-A5DA-71746C95CA0A}
	EndGlobalSection
	GlobalSection(ProjectConfigurationPlatforms) = postSolution
		{3297DE9F-7A3B-4209-9319-56542BAAC2D0}.Debug|Any CPU.ActiveCfg = Debug|Any CPU
		{3297DE9F-7A3B-4209-9319-56542BAAC2D0}.Debug|Any CPU.Build.0 = Debug|Any CPU
		{3297DE9F-7A3B-4209-9319-56542BAAC2D0}.Release|Any CPU.ActiveCfg = Release|Any CPU
		{3297DE9F-7A3B-4209-9319-56542BAAC2D0}.Release|Any CPU.Build.0 = Release|Any CPU
	EndGlobalSection
EndGlobal
